
Microsoft Visual Studio Solution File, Format Version 12.00
# Visual Studio 15
VisualStudioVersion = 15.0.27428.2005
MinimumVisualStudioVersion = 10.0.40219.1
Project("{FAE04EC0-301F-11D3-BF4B-00C04F79EFBC}") = "HET", "HET\HET.csproj", "{9ECE03DE-772B-4343-BC9B-DC655C94B177}"
EndProject
Global
	GlobalSection(SolutionConfigurationPlatforms) = preSolution
		Debug|Any CPU = Debug|Any CPU
		Release|Any CPU = Release|Any CPU
	EndGlobalSection
	GlobalSection(ProjectConfigurationPlatforms) = postSolution
		{9ECE03DE-772B-4343-BC9B-DC655C94B177}.Debug|Any CPU.ActiveCfg = Debug|Any CPU
		{9ECE03DE-772B-4343-BC9B-DC655C94B177}.Debug|Any CPU.Build.0 = Debug|Any CPU
		{9ECE03DE-772B-4343-BC9B-DC655C94B177}.Release|Any CPU.ActiveCfg = Release|Any CPU
		{9ECE03DE-772B-4343-BC9B-DC655C94B177}.Release|Any CPU.Build.0 = Release|Any CPU
	EndGlobalSection
	GlobalSection(SolutionProperties) = preSolution
		HideSolutionNode = FALSE
	EndGlobalSection
	GlobalSection(ExtensibilityGlobals) = postSolution
		SolutionGuid = {7625008A-B7B7-48E3-894B-1B3E81DC7182}
	EndGlobalSection
EndGlobal
